{
  "name": "febc11-react",
  "lockfileVersion": 3,
  "requires": true,
  "packages": {
    "": {
      "dependencies": {
        "classnames": "^2.5.1",
        "jotai": "^2.10.3"
      }
    },
    "node_modules/classnames": {
      "version": "2.5.1",
      "resolved": "https://registry.npmjs.org/classnames/-/classnames-2.5.1.tgz",
      "integrity": "sha512-saHYOzhIQs6wy2sVxTM6bUDsQO4F50V9RQ22qBpEdCW+I+/Wmke2HOl6lS6dTpdxVhb88/I6+Hs+438c3lfUow=="
    },
    "node_modules/jotai": {
      "version": "2.10.3",
      "resolved": "https://registry.npmjs.org/jotai/-/jotai-2.10.3.tgz",
      "integrity": "sha512-Nnf4IwrLhNfuz2JOQLI0V/AgwcpxvVy8Ec8PidIIDeRi4KCFpwTFIpHAAcU+yCgnw/oASYElq9UY0YdUUegsSA==",
      "engines": {
        "node": ">=12.20.0"
      },
      "peerDependencies": {
        "@types/react": ">=17.0.0",
        "react": ">=17.0.0"
      },
      "peerDependenciesMeta": {
        "@types/react": {
          "optional": true
        },
        "react": {
          "optional": true
        }
      }
    }
  }
}
